
Microsoft Visual Studio Solution File, Format Version 12.00
# Visual Studio Version 17
VisualStudioVersion = 17.0.32014.148
MinimumVisualStudioVersion = 10.0.40219.1
Project("{9A19103F-16F7-4668-BE54-9A1E7A4F7556}") = "API", "API.csproj", "{F69B04D3-E343-43EA-AF7D-2B8240D05D57}"
EndProject
Global
	GlobalSection(SolutionConfigurationPlatforms) = preSolution
		Debug|Any CPU = Debug|Any CPU
		Release|Any CPU = Release|Any CPU
	EndGlobalSection
	GlobalSection(ProjectConfigurationPlatforms) = postSolution
		{F69B04D3-E343-43EA-AF7D-2B8240D05D57}.Debug|Any CPU.ActiveCfg = Debug|Any CPU
		{F69B04D3-E343-43EA-AF7D-2B8240D05D57}.Debug|Any CPU.Build.0 = Debug|Any CPU
		{F69B04D3-E343-43EA-AF7D-2B8240D05D57}.Release|Any CPU.ActiveCfg = Release|Any CPU
		{F69B04D3-E343-43EA-AF7D-2B8240D05D57}.Release|Any CPU.Build.0 = Release|Any CPU
	EndGlobalSection
	GlobalSection(SolutionProperties) = preSolution
		HideSolutionNode = FALSE
	EndGlobalSection
	GlobalSection(ExtensibilityGlobals) = postSolution
		SolutionGuid = {C6058F8B-B1D5-4636-B0EB-AC1DEA8138EF}
	EndGlobalSection
EndGlobal
